
Microsoft Visual Studio Solution File, Format Version 12.00
# Visual Studio Version 16
VisualStudioVersion = 16.0.30503.244
MinimumVisualStudioVersion = 10.0.40219.1
Project("{FAE04EC0-301F-11D3-BF4B-00C04F79EFBC}") = "TestApp", "TestApp\TestApp.csproj", "{74115513-051B-4A5C-B17E-E861EF475414}"
EndProject
Project("{FAE04EC0-301F-11D3-BF4B-00C04F79EFBC}") = "Forms.Control.Extensions", "Forms.Control.Extensions\Forms.Control.Extensions.csproj", "{0A884048-7AE4-4B35-A989-E8D4C2F434AA}"
EndProject
Global
	GlobalSection(SolutionConfigurationPlatforms) = preSolution
		Debug|Any CPU = Debug|Any CPU
		Release|Any CPU = Release|Any CPU
	EndGlobalSection
	GlobalSection(ProjectConfigurationPlatforms) = postSolution
		{74115513-051B-4A5C-B17E-E861EF475414}.Debug|Any CPU.ActiveCfg = Debug|Any CPU
		{74115513-051B-4A5C-B17E-E861EF475414}.Debug|Any CPU.Build.0 = Debug|Any CPU
		{74115513-051B-4A5C-B17E-E861EF475414}.Release|Any CPU.ActiveCfg = Release|Any CPU
		{74115513-051B-4A5C-B17E-E861EF475414}.Release|Any CPU.Build.0 = Release|Any CPU
		{0A884048-7AE4-4B35-A989-E8D4C2F434AA}.Debug|Any CPU.ActiveCfg = Debug|Any CPU
		{0A884048-7AE4-4B35-A989-E8D4C2F434AA}.Debug|Any CPU.Build.0 = Debug|Any CPU
		{0A884048-7AE4-4B35-A989-E8D4C2F434AA}.Release|Any CPU.ActiveCfg = Release|Any CPU
		{0A884048-7AE4-4B35-A989-E8D4C2F434AA}.Release|Any CPU.Build.0 = Release|Any CPU
	EndGlobalSection
	GlobalSection(SolutionProperties) = preSolution
		HideSolutionNode = FALSE
	EndGlobalSection
	GlobalSection(ExtensibilityGlobals) = postSolution
		SolutionGuid = {EEE70AB5-BB2D-4E78-8A19-B4EFB7115E0D}
	EndGlobalSection
EndGlobal
