
Microsoft Visual Studio Solution File, Format Version 12.00
# Visual Studio Version 16
VisualStudioVersion = 16.0.30503.244
MinimumVisualStudioVersion = 10.0.40219.1
Project("{FAE04EC0-301F-11D3-BF4B-00C04F79EFBC}") = "Components.Extension", "Components.Extension\Components.Extension.csproj", "{D87A849F-1F10-4C27-A3FD-A668B0AA1A2A}"
EndProject
Project("{FAE04EC0-301F-11D3-BF4B-00C04F79EFBC}") = "TestApp", "TestApp\TestApp.csproj", "{238D1249-460A-4803-9BCA-8173C85E904F}"
EndProject
Global
	GlobalSection(SolutionConfigurationPlatforms) = preSolution
		Debug|Any CPU = Debug|Any CPU
		Release|Any CPU = Release|Any CPU
	EndGlobalSection
	GlobalSection(ProjectConfigurationPlatforms) = postSolution
		{D87A849F-1F10-4C27-A3FD-A668B0AA1A2A}.Debug|Any CPU.ActiveCfg = Debug|Any CPU
		{D87A849F-1F10-4C27-A3FD-A668B0AA1A2A}.Debug|Any CPU.Build.0 = Debug|Any CPU
		{D87A849F-1F10-4C27-A3FD-A668B0AA1A2A}.Release|Any CPU.ActiveCfg = Release|Any CPU
		{D87A849F-1F10-4C27-A3FD-A668B0AA1A2A}.Release|Any CPU.Build.0 = Release|Any CPU
		{238D1249-460A-4803-9BCA-8173C85E904F}.Debug|Any CPU.ActiveCfg = Debug|Any CPU
		{238D1249-460A-4803-9BCA-8173C85E904F}.Debug|Any CPU.Build.0 = Debug|Any CPU
		{238D1249-460A-4803-9BCA-8173C85E904F}.Release|Any CPU.ActiveCfg = Release|Any CPU
		{238D1249-460A-4803-9BCA-8173C85E904F}.Release|Any CPU.Build.0 = Release|Any CPU
	EndGlobalSection
	GlobalSection(SolutionProperties) = preSolution
		HideSolutionNode = FALSE
	EndGlobalSection
	GlobalSection(ExtensibilityGlobals) = postSolution
		SolutionGuid = {EEE70AB5-BB2D-4E78-8A19-B4EFB7115E0D}
	EndGlobalSection
EndGlobal
